
Microsoft Visual Studio Solution File, Format Version 11.00
# Visual Studio 2010
Project("{D50D8A3F-5CE1-4E89-9491-F84FAB0E386A}") = "TuanGou", "TuanGou.k2proj", "{B9014414-13A7-4F47-B973-E9C97AE031E8}"
EndProject
Global
	GlobalSection(TeamFoundationVersionControl) = preSolution
		SccNumberOfProjects = 2
		SccEnterpriseProvider = {4CA58AB2-18FA-4F8D-95D4-32DDF27D184C}
		SccTeamFoundationServer = http://dianpingtfs:8080/
		SccLocalPath0 = .
		SccProjectUniqueName1 = TuanGou.k2proj
		SccLocalPath1 = .
	EndGlobalSection
	GlobalSection(SolutionConfigurationPlatforms) = preSolution
		Debug|Any CPU = Debug|Any CPU
		Release|Any CPU = Release|Any CPU
	EndGlobalSection
	GlobalSection(ProjectConfigurationPlatforms) = postSolution
		{B9014414-13A7-4F47-B973-E9C97AE031E8}.Debug|Any CPU.ActiveCfg = Debug|Any CPU
		{B9014414-13A7-4F47-B973-E9C97AE031E8}.Debug|Any CPU.Build.0 = Debug|Any CPU
		{B9014414-13A7-4F47-B973-E9C97AE031E8}.Debug|Any CPU.Deploy.0 = Debug|Any CPU
		{B9014414-13A7-4F47-B973-E9C97AE031E8}.Release|Any CPU.ActiveCfg = Release|Any CPU
		{B9014414-13A7-4F47-B973-E9C97AE031E8}.Release|Any CPU.Build.0 = Release|Any CPU
		{B9014414-13A7-4F47-B973-E9C97AE031E8}.Release|Any CPU.Deploy.0 = Release|Any CPU
		{BE28461E-CA22-499C-BAA1-8040289ABCDF}.Debug|Any CPU.ActiveCfg = Debug|Any CPU
		{BE28461E-CA22-499C-BAA1-8040289ABCDF}.Debug|Any CPU.Build.0 = Debug|Any CPU
		{BE28461E-CA22-499C-BAA1-8040289ABCDF}.Release|Any CPU.ActiveCfg = Release|Any CPU
		{BE28461E-CA22-499C-BAA1-8040289ABCDF}.Release|Any CPU.Build.0 = Release|Any CPU
		{C4C157CB-31ED-4F16-A918-DBEC0C5257E7}.Debug|Any CPU.ActiveCfg = Debug|Any CPU
		{C4C157CB-31ED-4F16-A918-DBEC0C5257E7}.Debug|Any CPU.Build.0 = Debug|Any CPU
		{C4C157CB-31ED-4F16-A918-DBEC0C5257E7}.Release|Any CPU.ActiveCfg = Release|Any CPU
		{C4C157CB-31ED-4F16-A918-DBEC0C5257E7}.Release|Any CPU.Build.0 = Release|Any CPU
		{23EB37F8-4A84-4AD5-953C-48A141CC13F1}.Debug|Any CPU.ActiveCfg = Debug|Any CPU
		{23EB37F8-4A84-4AD5-953C-48A141CC13F1}.Debug|Any CPU.Build.0 = Debug|Any CPU
		{23EB37F8-4A84-4AD5-953C-48A141CC13F1}.Release|Any CPU.ActiveCfg = Release|Any CPU
		{23EB37F8-4A84-4AD5-953C-48A141CC13F1}.Release|Any CPU.Build.0 = Release|Any CPU
		{44F7479B-3E73-4FD7-8203-98D783D8DB1B}.Debug|Any CPU.ActiveCfg = Debug|Any CPU
		{44F7479B-3E73-4FD7-8203-98D783D8DB1B}.Debug|Any CPU.Build.0 = Debug|Any CPU
		{44F7479B-3E73-4FD7-8203-98D783D8DB1B}.Release|Any CPU.ActiveCfg = Release|Any CPU
		{44F7479B-3E73-4FD7-8203-98D783D8DB1B}.Release|Any CPU.Build.0 = Release|Any CPU
	EndGlobalSection
	GlobalSection(SolutionProperties) = preSolution
		HideSolutionNode = FALSE
	EndGlobalSection
EndGlobal
