
Microsoft Visual Studio Solution File, Format Version 11.00
# Visual Studio 2010
Project("{D50D8A3F-5CE1-4E89-9491-F84FAB0E386A}") = "DealGroupWorkFlow", "DealGroupWorkFlow.k2proj", "{355CD8A6-2EB7-49C0-ACC9-DF93C99AC4AA}"
EndProject
Global
	GlobalSection(SolutionConfigurationPlatforms) = preSolution
		Debug|Any CPU = Debug|Any CPU
		Release|Any CPU = Release|Any CPU
	EndGlobalSection
	GlobalSection(ProjectConfigurationPlatforms) = postSolution
		{355CD8A6-2EB7-49C0-ACC9-DF93C99AC4AA}.Debug|Any CPU.ActiveCfg = Debug|Any CPU
		{355CD8A6-2EB7-49C0-ACC9-DF93C99AC4AA}.Debug|Any CPU.Build.0 = Debug|Any CPU
		{355CD8A6-2EB7-49C0-ACC9-DF93C99AC4AA}.Debug|Any CPU.Deploy.0 = Debug|Any CPU
		{355CD8A6-2EB7-49C0-ACC9-DF93C99AC4AA}.Release|Any CPU.ActiveCfg = Release|Any CPU
		{355CD8A6-2EB7-49C0-ACC9-DF93C99AC4AA}.Release|Any CPU.Build.0 = Release|Any CPU
		{355CD8A6-2EB7-49C0-ACC9-DF93C99AC4AA}.Release|Any CPU.Deploy.0 = Release|Any CPU
	EndGlobalSection
	GlobalSection(SolutionProperties) = preSolution
		HideSolutionNode = FALSE
	EndGlobalSection
EndGlobal
