
Microsoft Visual Studio Solution File, Format Version 11.00
# Visual Studio 2010
Project("{D50D8A3F-5CE1-4E89-9491-F84FAB0E386A}") = "TuanGouModify", "TuanGouModify.k2proj", "{CE56C11B-7B5B-4E61-AD31-D7BBD05B4969}"
EndProject
Global
	GlobalSection(TeamFoundationVersionControl) = preSolution
		SccNumberOfProjects = 2
		SccEnterpriseProvider = {4CA58AB2-18FA-4F8D-95D4-32DDF27D184C}
		SccTeamFoundationServer = http://dianpingtfs:8080/
		SccLocalPath0 = .
		SccProjectUniqueName1 = TuanGouModify.k2proj
		SccLocalPath1 = .
	EndGlobalSection
	GlobalSection(SolutionConfigurationPlatforms) = preSolution
		Debug|Any CPU = Debug|Any CPU
		Release|Any CPU = Release|Any CPU
	EndGlobalSection
	GlobalSection(ProjectConfigurationPlatforms) = postSolution
		{CE56C11B-7B5B-4E61-AD31-D7BBD05B4969}.Debug|Any CPU.ActiveCfg = Debug|Any CPU
		{CE56C11B-7B5B-4E61-AD31-D7BBD05B4969}.Debug|Any CPU.Build.0 = Debug|Any CPU
		{CE56C11B-7B5B-4E61-AD31-D7BBD05B4969}.Debug|Any CPU.Deploy.0 = Debug|Any CPU
		{CE56C11B-7B5B-4E61-AD31-D7BBD05B4969}.Release|Any CPU.ActiveCfg = Release|Any CPU
		{CE56C11B-7B5B-4E61-AD31-D7BBD05B4969}.Release|Any CPU.Build.0 = Release|Any CPU
		{CE56C11B-7B5B-4E61-AD31-D7BBD05B4969}.Release|Any CPU.Deploy.0 = Release|Any CPU
		{829D4764-2A79-40BD-9787-04344208D203}.Debug|Any CPU.ActiveCfg = Debug|Any CPU
		{829D4764-2A79-40BD-9787-04344208D203}.Debug|Any CPU.Build.0 = Debug|Any CPU
		{829D4764-2A79-40BD-9787-04344208D203}.Release|Any CPU.ActiveCfg = Release|Any CPU
		{829D4764-2A79-40BD-9787-04344208D203}.Release|Any CPU.Build.0 = Release|Any CPU
	EndGlobalSection
	GlobalSection(SolutionProperties) = preSolution
		HideSolutionNode = FALSE
	EndGlobalSection
EndGlobal
